
Microsoft Visual Studio Solution File, Format Version 12.00
# Visual Studio 15
VisualStudioVersion = 15.0.27004.2006
MinimumVisualStudioVersion = 10.0.40219.1
Project("{FAE04EC0-301F-11D3-BF4B-00C04F79EFBC}") = "Data Models", "Data Models\Data Models.csproj", "{ACA62F68-737A-4BFB-A3B9-2E6C663CCC4B}"
EndProject
Project("{FAE04EC0-301F-11D3-BF4B-00C04F79EFBC}") = "Timetable Schedulers", "Timetable Generator Library\Timetable Schedulers.csproj", "{3102821A-9234-4A1F-B840-BAA774108571}"
EndProject
Project("{00D1A9C2-B5F0-4AF3-8072-F6C62B433612}") = "Uoft Database", "Database\Uoft Database.sqlproj", "{D11E70D0-4BB2-4907-B482-CBBEBEB3A17D}"
EndProject
Project("{FAE04EC0-301F-11D3-BF4B-00C04F79EFBC}") = "Genetic Algorithm Analyzer", "Genetic Algorithm Analyzer\Genetic Algorithm Analyzer.csproj", "{C9A58A4B-181C-469A-A185-A20ECCBD8316}"
EndProject
Project("{9A19103F-16F7-4668-BE54-9A1E7A4F7556}") = "Web App", "Web API\Web App.csproj", "{521AB626-3A1B-49F0-BF7E-A6155D1150AE}"
EndProject
Project("{FAE04EC0-301F-11D3-BF4B-00C04F79EFBC}") = "Web Scrapper", "Web Scrapper\Web Scrapper.csproj", "{1A1ABBA5-AC04-4835-AF29-0088D3B8AD7C}"
EndProject
Global
	GlobalSection(SolutionConfigurationPlatforms) = preSolution
		Debug|Any CPU = Debug|Any CPU
		Release|Any CPU = Release|Any CPU
	EndGlobalSection
	GlobalSection(ProjectConfigurationPlatforms) = postSolution
		{ACA62F68-737A-4BFB-A3B9-2E6C663CCC4B}.Debug|Any CPU.ActiveCfg = Debug|Any CPU
		{ACA62F68-737A-4BFB-A3B9-2E6C663CCC4B}.Debug|Any CPU.Build.0 = Debug|Any CPU
		{ACA62F68-737A-4BFB-A3B9-2E6C663CCC4B}.Release|Any CPU.ActiveCfg = Release|Any CPU
		{ACA62F68-737A-4BFB-A3B9-2E6C663CCC4B}.Release|Any CPU.Build.0 = Release|Any CPU
		{3102821A-9234-4A1F-B840-BAA774108571}.Debug|Any CPU.ActiveCfg = Debug|Any CPU
		{3102821A-9234-4A1F-B840-BAA774108571}.Debug|Any CPU.Build.0 = Debug|Any CPU
		{3102821A-9234-4A1F-B840-BAA774108571}.Release|Any CPU.ActiveCfg = Release|Any CPU
		{3102821A-9234-4A1F-B840-BAA774108571}.Release|Any CPU.Build.0 = Release|Any CPU
		{D11E70D0-4BB2-4907-B482-CBBEBEB3A17D}.Debug|Any CPU.ActiveCfg = Debug|Any CPU
		{D11E70D0-4BB2-4907-B482-CBBEBEB3A17D}.Debug|Any CPU.Build.0 = Debug|Any CPU
		{D11E70D0-4BB2-4907-B482-CBBEBEB3A17D}.Debug|Any CPU.Deploy.0 = Debug|Any CPU
		{D11E70D0-4BB2-4907-B482-CBBEBEB3A17D}.Release|Any CPU.ActiveCfg = Release|Any CPU
		{D11E70D0-4BB2-4907-B482-CBBEBEB3A17D}.Release|Any CPU.Build.0 = Release|Any CPU
		{D11E70D0-4BB2-4907-B482-CBBEBEB3A17D}.Release|Any CPU.Deploy.0 = Release|Any CPU
		{C9A58A4B-181C-469A-A185-A20ECCBD8316}.Debug|Any CPU.ActiveCfg = Debug|Any CPU
		{C9A58A4B-181C-469A-A185-A20ECCBD8316}.Debug|Any CPU.Build.0 = Debug|Any CPU
		{C9A58A4B-181C-469A-A185-A20ECCBD8316}.Release|Any CPU.ActiveCfg = Release|Any CPU
		{C9A58A4B-181C-469A-A185-A20ECCBD8316}.Release|Any CPU.Build.0 = Release|Any CPU
		{521AB626-3A1B-49F0-BF7E-A6155D1150AE}.Debug|Any CPU.ActiveCfg = Debug|Any CPU
		{521AB626-3A1B-49F0-BF7E-A6155D1150AE}.Debug|Any CPU.Build.0 = Debug|Any CPU
		{521AB626-3A1B-49F0-BF7E-A6155D1150AE}.Release|Any CPU.ActiveCfg = Release|Any CPU
		{521AB626-3A1B-49F0-BF7E-A6155D1150AE}.Release|Any CPU.Build.0 = Release|Any CPU
		{1A1ABBA5-AC04-4835-AF29-0088D3B8AD7C}.Debug|Any CPU.ActiveCfg = Debug|Any CPU
		{1A1ABBA5-AC04-4835-AF29-0088D3B8AD7C}.Debug|Any CPU.Build.0 = Debug|Any CPU
		{1A1ABBA5-AC04-4835-AF29-0088D3B8AD7C}.Release|Any CPU.ActiveCfg = Release|Any CPU
		{1A1ABBA5-AC04-4835-AF29-0088D3B8AD7C}.Release|Any CPU.Build.0 = Release|Any CPU
	EndGlobalSection
	GlobalSection(SolutionProperties) = preSolution
		HideSolutionNode = FALSE
	EndGlobalSection
	GlobalSection(ExtensibilityGlobals) = postSolution
		SolutionGuid = {F4544071-0808-45D6-A38E-855A0B4FC229}
	EndGlobalSection
EndGlobal
